
Microsoft Visual Studio Solution File, Format Version 12.00
# Visual Studio Version 17
VisualStudioVersion = 17.9.34607.119
MinimumVisualStudioVersion = 10.0.40219.1
Project("{8BC9CEB8-8B4A-11D0-8D11-00A0C91BC942}") = "CudaRuntime1", "CudaRuntime1\CudaRuntime1.vcxproj", "{FF5B8EED-F083-4298-A2F8-4FDD48BB7256}"
EndProject
Project("{8BC9CEB8-8B4A-11D0-8D11-00A0C91BC942}") = "MagmaCpu", "..\..\repos\Project1\Project1\Project1.vcxproj", "{85F030BD-92D1-42F8-B30D-EF948D9BFD9D}"
EndProject
Global
	GlobalSection(SolutionConfigurationPlatforms) = preSolution
		Debug|x64 = Debug|x64
		Release|x64 = Release|x64
	EndGlobalSection
	GlobalSection(ProjectConfigurationPlatforms) = postSolution
		{FF5B8EED-F083-4298-A2F8-4FDD48BB7256}.Debug|x64.ActiveCfg = Debug|x64
		{FF5B8EED-F083-4298-A2F8-4FDD48BB7256}.Debug|x64.Build.0 = Debug|x64
		{FF5B8EED-F083-4298-A2F8-4FDD48BB7256}.Release|x64.ActiveCfg = Release|x64
		{FF5B8EED-F083-4298-A2F8-4FDD48BB7256}.Release|x64.Build.0 = Release|x64
		{85F030BD-92D1-42F8-B30D-EF948D9BFD9D}.Debug|x64.ActiveCfg = Debug|x64
		{85F030BD-92D1-42F8-B30D-EF948D9BFD9D}.Debug|x64.Build.0 = Debug|x64
		{85F030BD-92D1-42F8-B30D-EF948D9BFD9D}.Release|x64.ActiveCfg = Release|x64
		{85F030BD-92D1-42F8-B30D-EF948D9BFD9D}.Release|x64.Build.0 = Release|x64
	EndGlobalSection
	GlobalSection(SolutionProperties) = preSolution
		HideSolutionNode = FALSE
	EndGlobalSection
	GlobalSection(ExtensibilityGlobals) = postSolution
		SolutionGuid = {3973C604-A1AD-4091-ABDC-74ABF317085C}
	EndGlobalSection
EndGlobal
